Microsoft Visual Studio Solution File, Format Version 12.00
# Visual Studio Version 17
VisualStudioVersion = 17.1.32421.90
MinimumVisualStudioVersion = 10.0.40219.1
Project("{2150E333-8FDC-42A3-9474-1A3956D46DE8}") = "src", "src", "{7A04B14E-9638-44FB-A201-554438C3622A}"
EndProject
Project("{2150E333-8FDC-42A3-9474-1A3956D46DE8}") = "Services", "Services", "{6F222102-86DE-4EDD-8D32-46848382726B}"
EndProject
Project("{2150E333-8FDC-42A3-9474-1A3956D46DE8}") = "GTT", "GTT", "{7A14BDC2-5488-4B4C-8ACF-89AE4CF11314}"
EndProject
Project("{2150E333-8FDC-42A3-9474-1A3956D46DE8}") = "shared", "shared", "{7BBB383C-7D78-47D2-BAD4-622DDA0A367A}"
EndProject
Project("{9A19103F-16F7-4668-BE54-9A1E7A4F7556}") = "GTT.Api", "src\Services\GTT\GTT.Api\GTT.Api.csproj", "{16B2FDE0-ACFB-44FA-BE4E-86959E55DF9D}"
EndProject
Project("{9A19103F-16F7-4668-BE54-9A1E7A4F7556}") = "GTT.Application", "src\Services\GTT\shared\GTT.Application\GTT.Application.csproj", "{4591F98C-ED52-4C8C-A86D-80070D01BA15}"
EndProject
Project("{9A19103F-16F7-4668-BE54-9A1E7A4F7556}") = "GTT.Domain", "src\Services\GTT\shared\GTT.Domain\GTT.Domain.csproj", "{5AA0F734-5FAB-45C5-88C3-D6C663B268C1}"
EndProject
Project("{9A19103F-16F7-4668-BE54-9A1E7A4F7556}") = "GTT.Infrastructure", "src\Services\GTT\shared\GTT.Infrastructure\GTT.Infrastructure.csproj", "{B7E580EE-6724-4016-8E82-94670A04FCCD}"
EndProject
Project("{2150E333-8FDC-42A3-9474-1A3956D46DE8}") = "database", "database", "{42ED5D74-99A3-4854-9F26-96C5969F000E}"
EndProject
Global
	GlobalSection(SolutionConfigurationPlatforms) = preSolution
		Debug|Any CPU = Debug|Any CPU
		Release|Any CPU = Release|Any CPU
	EndGlobalSection
	GlobalSection(ProjectConfigurationPlatforms) = postSolution
		{16B2FDE0-ACFB-44FA-BE4E-86959E55DF9D}.Debug|Any CPU.ActiveCfg = Debug|Any CPU
		{16B2FDE0-ACFB-44FA-BE4E-86959E55DF9D}.Debug|Any CPU.Build.0 = Debug|Any CPU
		{16B2FDE0-ACFB-44FA-BE4E-86959E55DF9D}.Release|Any CPU.ActiveCfg = Release|Any CPU
		{16B2FDE0-ACFB-44FA-BE4E-86959E55DF9D}.Release|Any CPU.Build.0 = Release|Any CPU
		{4591F98C-ED52-4C8C-A86D-80070D01BA15}.Debug|Any CPU.ActiveCfg = Debug|Any CPU
		{4591F98C-ED52-4C8C-A86D-80070D01BA15}.Debug|Any CPU.Build.0 = Debug|Any CPU
		{4591F98C-ED52-4C8C-A86D-80070D01BA15}.Release|Any CPU.ActiveCfg = Release|Any CPU
		{4591F98C-ED52-4C8C-A86D-80070D01BA15}.Release|Any CPU.Build.0 = Release|Any CPU
		{5AA0F734-5FAB-45C5-88C3-D6C663B268C1}.Debug|Any CPU.ActiveCfg = Debug|Any CPU
		{5AA0F734-5FAB-45C5-88C3-D6C663B268C1}.Debug|Any CPU.Build.0 = Debug|Any CPU
		{5AA0F734-5FAB-45C5-88C3-D6C663B268C1}.Release|Any CPU.ActiveCfg = Release|Any CPU
		{5AA0F734-5FAB-45C5-88C3-D6C663B268C1}.Release|Any CPU.Build.0 = Release|Any CPU
		{B7E580EE-6724-4016-8E82-94670A04FCCD}.Debug|Any CPU.ActiveCfg = Debug|Any CPU
		{B7E580EE-6724-4016-8E82-94670A04FCCD}.Debug|Any CPU.Build.0 = Debug|Any CPU
		{B7E580EE-6724-4016-8E82-94670A04FCCD}.Release|Any CPU.ActiveCfg = Release|Any CPU
		{B7E580EE-6724-4016-8E82-94670A04FCCD}.Release|Any CPU.Build.0 = Release|Any CPU
	EndGlobalSection
	GlobalSection(SolutionProperties) = preSolution
		HideSolutionNode = FALSE
	EndGlobalSection
	GlobalSection(NestedProjects) = preSolution
		{6F222102-86DE-4EDD-8D32-46848382726B} = {7A04B14E-9638-44FB-A201-554438C3622A}
		{7A14BDC2-5488-4B4C-8ACF-89AE4CF11314} = {6F222102-86DE-4EDD-8D32-46848382726B}
		{7BBB383C-7D78-47D2-BAD4-622DDA0A367A} = {7A14BDC2-5488-4B4C-8ACF-89AE4CF11314}
		{16B2FDE0-ACFB-44FA-BE4E-86959E55DF9D} = {7A14BDC2-5488-4B4C-8ACF-89AE4CF11314}
		{4591F98C-ED52-4C8C-A86D-80070D01BA15} = {7BBB383C-7D78-47D2-BAD4-622DDA0A367A}
		{5AA0F734-5FAB-45C5-88C3-D6C663B268C1} = {7BBB383C-7D78-47D2-BAD4-622DDA0A367A}
		{B7E580EE-6724-4016-8E82-94670A04FCCD} = {7BBB383C-7D78-47D2-BAD4-622DDA0A367A}
	EndGlobalSection
	GlobalSection(ExtensibilityGlobals) = postSolution
		SolutionGuid = {BB06DFFA-6DDB-40CF-8AD8-5F93CF1A33AE}
	EndGlobalSection
EndGlobal
